// !$*UTF8*$!
{
	archiveVersion = 1;
	classes = {
	};
	objectVersion = 50;
	objects = {

/* Begin PBXBuildFile section */
		DE89A7E027BCD7B900A40CD5 /* AppDelegate.swift in Sources */ = {isa = PBXBuildFile; fileRef = DE89A7DF27BCD7B900A40CD5 /* AppDelegate.swift */; };
		DE89A7E227BCD7B900A40CD5 /* SceneDelegate.swift in Sources */ = {isa = PBXBuildFile; fileRef = DE89A7E127BCD7B900A40CD5 /* SceneDelegate.swift */; };
		DE89A7E427BCD7B900A40CD5 /* ViewController.swift in Sources */ = {isa = PBXBuildFile; fileRef = DE89A7E327BCD7B900A40CD5 /* ViewController.swift */; };
		DE89A7E727BCD7B900A40CD5 /* Main.storyboard in Resources */ = {isa = PBXBuildFile; fileRef = DE89A7E527BCD7B900A40CD5 /* Main.storyboard */; };
		DE89A7E927BCD7BE00A40CD5 /* Assets.xcassets in Resources */ = {isa = PBXBuildFile; fileRef = DE89A7E827BCD7BE00A40CD5 /* Assets.xcassets */; };
		DE89A7EC27BCD7BE00A40CD5 /* LaunchScreen.storyboard in Resources */ = {isa = PBXBuildFile; fileRef = DE89A7EA27BCD7BE00A40CD5 /* LaunchScreen.storyboard */; };
/* End PBXBuildFile section */

/* Begin PBXFileReference section */
		DE89A7DC27BCD7B900A40CD5 /* SegueExample.app */ = {isa = PBXFileReference; explicitFileType = wrapper.application; includeInIndex = 0; path = SegueExample.app; sourceTree = BUILT_PRODUCTS_DIR; };
		DE89A7DF27BCD7B900A40CD5 /* AppDelegate.swift */ = {isa = PBXFileReference; lastKnownFileType = sourcecode.swift; path = AppDelegate.swift; sourceTree = "<group>"; };
		DE89A7E127BCD7B900A40CD5 /* SceneDelegate.swift */ = {isa = PBXFileReference; lastKnownFileType = sourcecode.swift; path = SceneDelegate.swift; sourceTree = "<group>"; };
		DE89A7E327BCD7B900A40CD5 /* ViewController.swift */ = {isa = PBXFileReference; lastKnownFileType = sourcecode.swift; path = ViewController.swift; sourceTree = "<group>"; };
		DE89A7E627BCD7B900A40CD5 /* Base */ = {isa = PBXFileReference; lastKnownFileType = file.storyboard; name = Base; path = Base.lproj/Main.storyboard; sourceTree = "<group>"; };
		DE89A7E827BCD7BE00A40CD5 /* Assets.xcassets */ = {isa = PBXFileReference; lastKnownFileType = folder.assetcatalog; path = Assets.xcassets; sourceTree = "<group>"; };
		DE89A7EB27BCD7BE00A40CD5 /* Base */ = {isa = PBXFileReference; lastKnownFileType = file.storyboard; name = Base; path = Base.lproj/LaunchScreen.storyboard; sourceTree = "<group>"; };
		DE89A7ED27BCD7BE00A40CD5 /* Info.plist */ = {isa = PBXFileReference; lastKnownFileType = text.plist.xml; path = Info.plist; sourceTree = "<group>"; };
/* End PBXFileReference section */

/* Begin PBXFrameworksBuildPhase section */
		DE89A7D927BCD7B900A40CD5 /* Frameworks */ = {
			isa = PBXFrameworksBuildPhase;
			buildActionMask = 2147483647;
			files = (
			);
			runOnlyForDeploymentPostprocessing = 0;
		};
/* End PBXFrameworksBuildPhase section */

/* Begin PBXGroup section */
		DE89A7D327BCD7B900A40CD5 = {
			isa = PBXGroup;
			children = (
				DE89A7DE27BCD7B900A40CD5 /* SegueExample */,
				DE89A7DD27BCD7B900A40CD5 /* Products */,
			);
			sourceTree = "<group>";
		};
		DE89A7DD27BCD7B900A40CD5 /* Products */ = {
			isa = PBXGroup;
			children = (
				DE89A7DC27BCD7B900A40CD5 /* SegueExample.app */,
			);
			name = Products;
			sourceTree = "<group>";
		};
		DE89A7DE27BCD7B900A40CD5 /* SegueExample */ = {
			isa = PBXGroup;
			children = (
				DE89A7DF27BCD7B900A40CD5 /* AppDelegate.swift */,
				DE89A7E127BCD7B900A40CD5 /* SceneDelegate.swift */,
				DE89A7E327BCD7B900A40CD5 /* ViewController.swift */,
				DE89A7E527BCD7B900A40CD5 /* Main.storyboard */,
				DE89A7E827BCD7BE00A40CD5 /* Assets.xcassets */,
				DE89A7EA27BCD7BE00A40CD5 /* LaunchScreen.storyboard */,
				DE89A7ED27BCD7BE00A40CD5 /* Info.plist */,
			);
			path = SegueExample;
			sourceTree = "<group>";
		};
/* End PBXGroup section */

/* Begin PBXNativeTarget section */
		DE89A7DB27BCD7B900A40CD5 /* SegueExample */ = {
			isa = PBXNativeTarget;
			buildConfigurationList = DE89A7F027BCD7BE00A40CD5 /* Build configuration list for PBXNativeTarget "SegueExample" */;
			buildPhases = (
				DE89A7D827BCD7B900A40CD5 /* Sources */,
				DE89A7D927BCD7B900A40CD5 /* Frameworks */,
				DE89A7DA27BCD7B900A40CD5 /* Resources */,
			);
			buildRules = (
			);
			dependencies = (
			);
			name = SegueExample;
			productName = SegueExample;
			productReference = DE89A7DC27BCD7B900A40CD5 /* SegueExample.app */;
			productType = "com.apple.product-type.application";
		};
/* End PBXNativeTarget section */

/* Begin PBXProject section */
		DE89A7D427BCD7B900A40CD5 /* Project object */ = {
			isa = PBXProject;
			attributes = {
				LastSwiftUpdateCheck = 1250;
				LastUpgradeCheck = 1250;
				TargetAttributes = {
					DE89A7DB27BCD7B900A40CD5 = {
						CreatedOnToolsVersion = 12.5.1;
					};
				};
			};
			buildConfigurationList = DE89A7D727BCD7B900A40CD5 /* Build configuration list for PBXProject "SegueExample" */;
			compatibilityVersion = "Xcode 9.3";
			developmentRegion = en;
			hasScannedForEncodings = 0;
			knownRegions = (
				en,
				Base,
			);
			mainGroup = DE89A7D327BCD7B900A40CD5;
			productRefGroup = DE89A7DD27BCD7B900A40CD5 /* Products */;
			projectDirPath = "";
			projectRoot = "";
			targets = (
				DE89A7DB27BCD7B900A40CD5 /* SegueExample */,
			);
		};
/* End PBXProject section */

/* Begin PBXResourcesBuildPhase section */
		DE89A7DA27BCD7B900A40CD5 /* Resources */ = {
			isa = PBXResourcesBuildPhase;
			buildActionMask = 2147483647;
			files = (
				DE89A7EC27BCD7BE00A40CD5 /* LaunchScreen.storyboard in Resources */,
				DE89A7E927BCD7BE00A40CD5 /* Assets.xcassets in Resources */,
				DE89A7E727BCD7B900A40CD5 /* Main.storyboard in Resources */,
			);
			runOnlyForDeploymentPostprocessing = 0;
		};
/* End PBXResourcesBuildPhase section */

/* Begin PBXSourcesBuildPhase section */
		DE89A7D827BCD7B900A40CD5 /* Sources */ = {
			isa = PBXSourcesBuildPhase;
			buildActionMask = 2147483647;
			files = (
				DE89A7E427BCD7B900A40CD5 /* ViewController.swift in Sources */,
				DE89A7E027BCD7B900A40CD5 /* AppDelegate.swift in Sources */,
				DE89A7E227BCD7B900A40CD5 /* SceneDelegate.swift in Sources */,
			);
			runOnlyForDeploymentPostprocessing = 0;
		};
/* End PBXSourcesBuildPhase section */

/* Begin PBXVariantGroup section */
		DE89A7E527BCD7B900A40CD5 /* Main.storyboard */ = {
			isa = PBXVariantGroup;
			children = (
				DE89A7E627BCD7B900A40CD5 /* Base */,
			);
			name = Main.storyboard;
			sourceTree = "<group>";
		};
		DE89A7EA27BCD7BE00A40CD5 /* LaunchScreen.storyboard */ = {
			isa = PBXVariantGroup;
			children = (
				DE89A7EB27BCD7BE00A40CD5 /* Base */,
			);
			name = LaunchScreen.storyboard;
			sourceTree = "<group>";
		};
/* End PBXVariantGroup section */

/* Begin XCBuildConfiguration section */
		DE89A7EE27BCD7BE00A40CD5 /* Debug */ = {
			isa = XCBuildConfiguration;
			buildSettings = {
				ALWAYS_SEARCH_USER_PATHS = NO;
				CLANG_ANALYZER_NONNULL = YES;
				CLANG_ANALYZER_NUMBER_OBJECT_CONVERSION = YES_AGGRESSIVE;
				CLANG_CXX_LANGUAGE_STANDARD = "gnu++14";
				CLANG_CXX_LIBRARY = "libc++";
				CLANG_ENABLE_MODULES = YES;
				CLANG_ENABLE_OBJC_ARC = YES;
				CLANG_ENABLE_OBJC_WEAK = YES;
				CLANG_WARN_BLOCK_CAPTURE_AUTORELEASING = YES;
				CLANG_WARN_BOOL_CONVERSION = YES;
				CLANG_WARN_COMMA = YES;
				CLANG_WARN_CONSTANT_CONVERSION = YES;
				CLANG_WARN_DEPRECATED_OBJC_IMPLEMENTATIONS = YES;
				CLANG_WARN_DIRECT_OBJC_ISA_USAGE = YES_ERROR;
				CLANG_WARN_DOCUMENTATION_COMMENTS = YES;
				CLANG_WARN_EMPTY_BODY = YES;
				CLANG_WARN_ENUM_CONVERSION = YES;
				CLANG_WARN_INFINITE_RECURSION = YES;
				CLANG_WARN_INT_CONVERSION = YES;
				CLANG_WARN_NON_LITERAL_NULL_CONVERSION = YES;
				CLANG_WARN_OBJC_IMPLICIT_RETAIN_SELF = YES;
				CLANG_WARN_OBJC_LITERAL_CONVERSION = YES;
				CLANG_WARN_OBJC_ROOT_CLASS = YES_ERROR;
				CLANG_WARN_QUOTED_INCLUDE_IN_FRAMEWORK_HEADER = YES;
				CLANG_WARN_RANGE_LOOP_ANALYSIS = YES;
				CLANG_WARN_STRICT_PROTOTYPES = YES;
				CLANG_WARN_SUSPICIOUS_MOVE = YES;
				CLANG_WARN_UNGUARDED_AVAILABILITY = YES_AGGRESSIVE;
				CLANG_WARN_UNREACHABLE_CODE = YES;
				CLANG_WARN__DUPLICATE_METHOD_MATCH = YES;
				COPY_PHASE_STRIP = NO;
				DEBUG_INFORMATION_FORMAT = dwarf;
				ENABLE_STRICT_OBJC_MSGSEND = YES;
				ENABLE_TESTABILITY = YES;
				GCC_C_LANGUAGE_STANDARD = gnu11;
				GCC_DYNAMIC_NO_PIC = NO;
				GCC_NO_COMMON_BLOCKS = YES;
				GCC_OPTIMIZATION_LEVEL = 0;
				GCC_PREPROCESSOR_DEFINITIONS = (
					"DEBUG=1",
					"$(inherited)",
				);
				GCC_WARN_64_TO_32_BIT_CONVERSION = YES;
				GCC_WARN_ABOUT_RETURN_TYPE = YES_ERROR;
				GCC_WARN_UNDECLARED_SELECTOR = YES;
				GCC_WARN_UNINITIALIZED_AUTOS = YES_AGGRESSIVE;
				GCC_WARN_UNUSED_FUNCTION = YES;
				GCC_WARN_UNUSED_VARIABLE = YES;
				IPHONEOS_DEPLOYMENT_TARGET = 14.5;
				MTL_ENABLE_DEBUG_INFO = INCLUDE_SOURCE;
				MTL_FAST_MATH = YES;
				ONLY_ACTIVE_ARCH = YES;
				SDKROOT = iphoneos;
				SWIFT_ACTIVE_COMPILATION_CONDITIONS = DEBUG;
				SWIFT_OPTIMIZATION_LEVEL = "-Onone";
			};
			name = Debug;
		};
		DE89A7EF27BCD7BE00A40CD5 /* Release */ = {
			isa = XCBuildConfiguration;
			buildSettings = {
				ALWAYS_SEARCH_USER_PATHS = NO;
				CLANG_ANALYZER_NONNULL = YES;
				CLANG_ANALYZER_NUMBER_OBJECT_CONVERSION = YES_AGGRESSIVE;
				CLANG_CXX_LANGUAGE_STANDARD = "gnu++14";
				CLANG_CXX_LIBRARY = "libc++";
				CLANG_ENABLE_MODULES = YES;
				CLANG_ENABLE_OBJC_ARC = YES;
				CLANG_ENABLE_OBJC_WEAK = YES;
				CLANG_WARN_BLOCK_CAPTURE_AUTORELEASING = YES;
				CLANG_WARN_BOOL_CONVERSION = YES;
				CLANG_WARN_COMMA = YES;
				CLANG_WARN_CONSTANT_CONVERSION = YES;
				CLANG_WARN_DEPRECATED_OBJC_IMPLEMENTATIONS = YES;
				CLANG_WARN_DIRECT_OBJC_ISA_USAGE = YES_ERROR;
				CLANG_WARN_DOCUMENTATION_COMMENTS = YES;
				CLANG_WARN_EMPTY_BODY = YES;
				CLANG_WARN_ENUM_CONVERSION = YES;
				CLANG_WARN_INFINITE_RECURSION = YES;
				CLANG_WARN_INT_CONVERSION = YES;
				CLANG_WARN_NON_LITERAL_NULL_CONVERSION = YES;
				CLANG_WARN_OBJC_IMPLICIT_RETAIN_SELF = YES;
				CLANG_WARN_OBJC_LITERAL_CONVERSION = YES;
				CLANG_WARN_OBJC_ROOT_CLASS = YES_ERROR;
				CLANG_WARN_QUOTED_INCLUDE_IN_FRAMEWORK_HEADER = YES;
				CLANG_WARN_RANGE_LOOP_ANALYSIS = YES;
				CLANG_WARN_STRICT_PROTOTYPES = YES;
				CLANG_WARN_SUSPICIOUS_MOVE = YES;
				CLANG_WARN_UNGUARDED_AVAILABILITY = YES_AGGRESSIVE;
				CLANG_WARN_UNREACHABLE_CODE = YES;
				CLANG_WARN__DUPLICATE_METHOD_MATCH = YES;
				COPY_PHASE_STRIP = NO;
				DEBUG_INFORMATION_FORMAT = "dwarf-with-dsym";
				ENABLE_NS_ASSERTIONS = NO;
				ENABLE_STRICT_OBJC_MSGSEND = YES;
				GCC_C_LANGUAGE_STANDARD = gnu11;
				GCC_NO_COMMON_BLOCKS = YES;
				GCC_WARN_64_TO_32_BIT_CONVERSION = YES;
				GCC_WARN_ABOUT_RETURN_TYPE = YES_ERROR;
				GCC_WARN_UNDECLARED_SELECTOR = YES;
				GCC_WARN_UNINITIALIZED_AUTOS = YES_AGGRESSIVE;
				GCC_WARN_UNUSED_FUNCTION = YES;
				GCC_WARN_UNUSED_VARIABLE = YES;
				IPHONEOS_DEPLOYMENT_TARGET = 14.5;
				MTL_ENABLE_DEBUG_INFO = NO;
				MTL_FAST_MATH = YES;
				SDKROOT = iphoneos;
				SWIFT_COMPILATION_MODE = wholemodule;
				SWIFT_OPTIMIZATION_LEVEL = "-O";
				VALIDATE_PRODUCT = YES;
			};
			name = Release;
		};
		DE89A7F127BCD7BE00A40CD5 /* Debug */ = {
			isa = XCBuildConfiguration;
			buildSettings = {
				ASSETCATALOG_COMPILER_APPICON_NAME = AppIcon;
				ASSETCATALOG_COMPILER_GLOBAL_ACCENT_COLOR_NAME = AccentColor;
				CODE_SIGN_STYLE = Automatic;
				DEVELOPMENT_TEAM = HUKMQ66HL2;
				INFOPLIST_FILE = SegueExample/Info.plist;
				LD_RUNPATH_SEARCH_PATHS = (
					"$(inherited)",
					"@executable_path/Frameworks",
				);
				PRODUCT_BUNDLE_IDENTIFIER = Personal.SegueExample;
				PRODUCT_NAME = "$(TARGET_NAME)";
				SWIFT_VERSION = 5.0;
				TARGETED_DEVICE_FAMILY = "1,2";
			};
			name = Debug;
		};
		DE89A7F227BCD7BE00A40CD5 /* Release */ = {
			isa = XCBuildConfiguration;
			buildSettings = {
				ASSETCATALOG_COMPILER_APPICON_NAME = AppIcon;
				ASSETCATALOG_COMPILER_GLOBAL_ACCENT_COLOR_NAME = AccentColor;
				CODE_SIGN_STYLE = Automatic;
				DEVELOPMENT_TEAM = HUKMQ66HL2;
				INFOPLIST_FILE = SegueExample/Info.plist;
				LD_RUNPATH_SEARCH_PATHS = (
					"$(inherited)",
					"@executable_path/Frameworks",
				);
				PRODUCT_BUNDLE_IDENTIFIER = Personal.SegueExample;
				PRODUCT_NAME = "$(TARGET_NAME)";
				SWIFT_VERSION = 5.0;
				TARGETED_DEVICE_FAMILY = "1,2";
			};
			name = Release;
		};
/* End XCBuildConfiguration section */

/* Begin XCConfigurationList section */
		DE89A7D727BCD7B900A40CD5 /* Build configuration list for PBXProject "SegueExample" */ = {
			isa = XCConfigurationList;
			buildConfigurations = (
				DE89A7EE27BCD7BE00A40CD5 /* Debug */,
				DE89A7EF27BCD7BE00A40CD5 /* Release */,
			);
			defaultConfigurationIsVisible = 0;
			defaultConfigurationName = Release;
		};
		DE89A7F027BCD7BE00A40CD5 /* Build configuration list for PBXNativeTarget "SegueExample" */ = {
			isa = XCConfigurationList;
			buildConfigurations = (
				DE89A7F127BCD7BE00A40CD5 /* Debug */,
				DE89A7F227BCD7BE00A40CD5 /* Release */,
			);
			defaultConfigurationIsVisible = 0;
			defaultConfigurationName = Release;
		};
/* End XCConfigurationList section */
	};
	rootObject = DE89A7D427BCD7B900A40CD5 /* Project object */;
}
